Microsoft Visual Studio Solution File, Format Version 11.00
# Visual Studio 2008

Project("{F3FA87D0-7411-8CA9-65D2-3859E4FB6F95}") = "MultiFPS - Part 6", "Assembly-CSharp.csproj", "{7FD18436-DEBC-D333-D720-C356017451B4}"
EndProject
Project("{F3FA87D0-7411-8CA9-65D2-3859E4FB6F95}") = "MultiFPS - Part 6", "Assembly-CSharp-Editor.csproj", "{259263AA-099F-CEE0-E012-5F0360876CB4}"
EndProject
Project("{F3FA87D0-7411-8CA9-65D2-3859E4FB6F95}") = "MultiFPS - Part 6", "Assembly-UnityScript.unityproj", "{829BD940-1628-C501-F57F-E27987F516F0}"
EndProject
Global
	GlobalSection(SolutionConfigurationPlatforms) = preSolution
		Debug|Any CPU = Debug|Any CPU
		Release|Any CPU = Release|Any CPU
	EndGlobalSection
	GlobalSection(ProjectConfigurationPlatforms) = postSolution
		{7FD18436-DEBC-D333-D720-C356017451B4}.Debug|Any CPU.ActiveCfg = Debug|Any CPU
		{7FD18436-DEBC-D333-D720-C356017451B4}.Debug|Any CPU.Build.0 = Debug|Any CPU
		{7FD18436-DEBC-D333-D720-C356017451B4}.Release|Any CPU.ActiveCfg = Release|Any CPU
		{7FD18436-DEBC-D333-D720-C356017451B4}.Release|Any CPU.Build.0 = Release|Any CPU
		{259263AA-099F-CEE0-E012-5F0360876CB4}.Debug|Any CPU.ActiveCfg = Debug|Any CPU
		{259263AA-099F-CEE0-E012-5F0360876CB4}.Debug|Any CPU.Build.0 = Debug|Any CPU
		{259263AA-099F-CEE0-E012-5F0360876CB4}.Release|Any CPU.ActiveCfg = Release|Any CPU
		{259263AA-099F-CEE0-E012-5F0360876CB4}.Release|Any CPU.Build.0 = Release|Any CPU
		{829BD940-1628-C501-F57F-E27987F516F0}.Debug|Any CPU.ActiveCfg = Debug|Any CPU
		{829BD940-1628-C501-F57F-E27987F516F0}.Debug|Any CPU.Build.0 = Debug|Any CPU
		{829BD940-1628-C501-F57F-E27987F516F0}.Release|Any CPU.ActiveCfg = Release|Any CPU
		{829BD940-1628-C501-F57F-E27987F516F0}.Release|Any CPU.Build.0 = Release|Any CPU
	EndGlobalSection
	GlobalSection(SolutionProperties) = preSolution
		HideSolutionNode = FALSE
	EndGlobalSection
	GlobalSection(MonoDevelopProperties) = preSolution
		StartupItem = Assembly-CSharp.csproj
		Policies = $0
		$0.TextStylePolicy = $1
		$1.inheritsSet = null
		$1.scope = text/x-csharp
		$0.CSharpFormattingPolicy = $2
		$2.inheritsSet = Mono
		$2.inheritsScope = text/x-csharp
		$2.scope = text/x-csharp
		$0.TextStylePolicy = $3
		$3.FileWidth = 120
		$3.TabWidth = 4
		$3.EolMarker = Unix
		$3.inheritsSet = Mono
		$3.inheritsScope = text/plain
		$3.scope = text/plain
	EndGlobalSection
EndGlobal
