Microsoft Visual Studio Solution File, Format Version 11.00
# Visual Studio 2008

Project("{F73D8918-D5D2-2DEA-4B01-38354EAE3261}") = "MultiFPS - Part 8", "Assembly-CSharp-vs.csproj", "{A619508A-A905-2CAF-EA71-508335A3556E}"
EndProject
Project("{F73D8918-D5D2-2DEA-4B01-38354EAE3261}") = "MultiFPS - Part 8", "Assembly-CSharp-Editor-vs.csproj", "{ED6B006D-1094-4807-29E6-CD267920C343}"
EndProject
Global
	GlobalSection(SolutionConfigurationPlatforms) = preSolution
		Debug|Any CPU = Debug|Any CPU
		Release|Any CPU = Release|Any CPU
	EndGlobalSection
	GlobalSection(ProjectConfigurationPlatforms) = postSolution
		{A619508A-A905-2CAF-EA71-508335A3556E}.Debug|Any CPU.ActiveCfg = Debug|Any CPU
		{A619508A-A905-2CAF-EA71-508335A3556E}.Debug|Any CPU.Build.0 = Debug|Any CPU
		{A619508A-A905-2CAF-EA71-508335A3556E}.Release|Any CPU.ActiveCfg = Release|Any CPU
		{A619508A-A905-2CAF-EA71-508335A3556E}.Release|Any CPU.Build.0 = Release|Any CPU
		{ED6B006D-1094-4807-29E6-CD267920C343}.Debug|Any CPU.ActiveCfg = Debug|Any CPU
		{ED6B006D-1094-4807-29E6-CD267920C343}.Debug|Any CPU.Build.0 = Debug|Any CPU
		{ED6B006D-1094-4807-29E6-CD267920C343}.Release|Any CPU.ActiveCfg = Release|Any CPU
		{ED6B006D-1094-4807-29E6-CD267920C343}.Release|Any CPU.Build.0 = Release|Any CPU
	EndGlobalSection
	GlobalSection(SolutionProperties) = preSolution
		HideSolutionNode = FALSE
	EndGlobalSection
			GlobalSection(MonoDevelopProperties) = preSolution
		StartupItem = Assembly-CSharp.csproj
		Policies = $0
		$0.TextStylePolicy = $1
		$1.inheritsSet = null
		$1.scope = text/x-csharp
		$0.CSharpFormattingPolicy = $2
		$2.inheritsSet = Mono
		$2.inheritsScope = text/x-csharp
		$2.scope = text/x-csharp
		$0.TextStylePolicy = $3
		$3.FileWidth = 120
		$3.TabWidth = 4
		$3.EolMarker = Unix
		$3.inheritsSet = Mono
		$3.inheritsScope = text/plain
		$3.scope = text/plain
	EndGlobalSection

EndGlobal
