Microsoft Visual Studio Solution File, Format Version 11.00
# Visual Studio 2008

Project("{CD9EBBE0-FB2F-50E0-790F-56269696DA37}") = "MultiFPS - ep 16", "Assembly-CSharp-vs.csproj", "{DA349CE8-EC87-5B73-C15F-95CB79F0431B}"
EndProject
Project("{CD9EBBE0-FB2F-50E0-790F-56269696DA37}") = "MultiFPS - ep 16", "Assembly-CSharp-Editor-vs.csproj", "{D6721B5F-D811-4302-6676-81586EAEA44F}"
EndProject
Global
	GlobalSection(SolutionConfigurationPlatforms) = preSolution
		Debug|Any CPU = Debug|Any CPU
		Release|Any CPU = Release|Any CPU
	EndGlobalSection
	GlobalSection(ProjectConfigurationPlatforms) = postSolution
		{DA349CE8-EC87-5B73-C15F-95CB79F0431B}.Debug|Any CPU.ActiveCfg = Debug|Any CPU
		{DA349CE8-EC87-5B73-C15F-95CB79F0431B}.Debug|Any CPU.Build.0 = Debug|Any CPU
		{DA349CE8-EC87-5B73-C15F-95CB79F0431B}.Release|Any CPU.ActiveCfg = Release|Any CPU
		{DA349CE8-EC87-5B73-C15F-95CB79F0431B}.Release|Any CPU.Build.0 = Release|Any CPU
		{D6721B5F-D811-4302-6676-81586EAEA44F}.Debug|Any CPU.ActiveCfg = Debug|Any CPU
		{D6721B5F-D811-4302-6676-81586EAEA44F}.Debug|Any CPU.Build.0 = Debug|Any CPU
		{D6721B5F-D811-4302-6676-81586EAEA44F}.Release|Any CPU.ActiveCfg = Release|Any CPU
		{D6721B5F-D811-4302-6676-81586EAEA44F}.Release|Any CPU.Build.0 = Release|Any CPU
	EndGlobalSection
	GlobalSection(SolutionProperties) = preSolution
		HideSolutionNode = FALSE
	EndGlobalSection
		GlobalSection(MonoDevelopProperties) = preSolution
		StartupItem = Assembly-CSharp.csproj
		Policies = $0
		$0.TextStylePolicy = $1
		$1.inheritsSet = null
		$1.scope = text/x-csharp
		$0.CSharpFormattingPolicy = $2
		$2.inheritsSet = Mono
		$2.inheritsScope = text/x-csharp
		$2.scope = text/x-csharp
		$0.TextStylePolicy = $3
		$3.FileWidth = 120
		$3.TabWidth = 4
		$3.EolMarker = Unix
		$3.inheritsSet = Mono
		$3.inheritsScope = text/plain
		$3.scope = text/plain
	EndGlobalSection

EndGlobal
